{
  "name": "hexo-theme-metro2013",
  "version": "0.1.0",
  "lockfileVersion": 3,
  "requires": true,
  "packages": {
    "": {
      "name": "hexo-theme-metro2013",
      "version": "0.1.0",
      "license": "ISC",
      "dependencies": {
        "jquery": "^3.7.0",
        "metro-dist": "^3.0.18"
      }
    },
    "node_modules/jquery": {
      "version": "3.7.0",
      "resolved": "https://registry.npmjs.org/jquery/-/jquery-3.7.0.tgz",
      "integrity": "sha512-umpJ0/k8X0MvD1ds0P9SfowREz2LenHsQaxSohMZ5OMNEU2r0tf8pdeEFTHMFxWVxKNyU9rTtK3CWzUCTKJUeQ=="
    },
    "node_modules/metro-dist": {
      "version": "3.0.18",
      "resolved": "https://registry.npmjs.org/metro-dist/-/metro-dist-3.0.18.tgz",
      "integrity": "sha512-exROCvOLStFW5ZE1cvWZhJ8fm2PpX1cmah5NmfR5U+SKIgs1OW5dbI7DsEuCp+3HhPhJBw70RwSMXgG1Pm0dYA==",
      "deprecated": "Package no longer supported. Contact Support at https://www.npmjs.com/support for more info."
    }
  }
}
